
Microsoft Visual Studio Solution File, Format Version 12.00
# Visual Studio 15
VisualStudioVersion = 15.0.28307.779
MinimumVisualStudioVersion = 10.0.40219.1
Project("{FAE04EC0-301F-11D3-BF4B-00C04F79EFBC}") = "MagicUNI", "MagicUNI\MagicUNI.csproj", "{D31AE85B-BE74-4B24-AA02-1CC4E08DE24E}"
EndProject
Global
	GlobalSection(SolutionConfigurationPlatforms) = preSolution
		Debug|Any CPU = Debug|Any CPU
		Release|Any CPU = Release|Any CPU
	EndGlobalSection
	GlobalSection(ProjectConfigurationPlatforms) = postSolution
		{D31AE85B-BE74-4B24-AA02-1CC4E08DE24E}.Debug|Any CPU.ActiveCfg = Debug|Any CPU
		{D31AE85B-BE74-4B24-AA02-1CC4E08DE24E}.Debug|Any CPU.Build.0 = Debug|Any CPU
		{D31AE85B-BE74-4B24-AA02-1CC4E08DE24E}.Release|Any CPU.ActiveCfg = Release|Any CPU
		{D31AE85B-BE74-4B24-AA02-1CC4E08DE24E}.Release|Any CPU.Build.0 = Release|Any CPU
	EndGlobalSection
	GlobalSection(SolutionProperties) = preSolution
		HideSolutionNode = FALSE
	EndGlobalSection
	GlobalSection(ExtensibilityGlobals) = postSolution
		SolutionGuid = {BB27EDB8-791B-42F9-AC5F-A4BC16E756F1}
	EndGlobalSection
EndGlobal
